{
  "version": 4,
  "terraform_version": "1.0.9",
  "serial": 1,
  "lineage": "f22a0524-d7a5-4bd2-da24-6c73bde07af1",
  "outputs": {
    "packer_manifest": {
      "value": "r038-facc85e6-098a-44a3-84be-4b4fbf4bc7ee",
      "type": "string"
    }
  },
  "resources": [
    {
      "mode": "data",
      "type": "ibm_is_security_group",
      "name": "backend_sg",
      "provider": "provider[\"registry.terraform.io/ibm-cloud/ibm\"]",
      "instances": [
        {
          "schema_version": 0,
          "attributes": {
            "crn": "crn:v1:bluemix:public:is:ca-tor:a/6c27214690345bfb75bb1f2b28a20504::security-group:r038-8a35d6a9-7b50-45a8-a568-bce0d926f67d",
            "id": "r038-8a35d6a9-7b50-45a8-a568-bce0d926f67d",
            "name": "base-lab-vpc-backend-sg",
            "resource_controller_url": "https://cloud.ibm.com/vpc/network/securityGroups",
            "resource_crn": "crn:v1:bluemix:public:is:ca-tor:a/6c27214690345bfb75bb1f2b28a20504::security-group:r038-8a35d6a9-7b50-45a8-a568-bce0d926f67d",
            "resource_group_name": "2022-cde-lab",
            "resource_name": "base-lab-vpc-backend-sg",
            "rules": [
              {
                "code": 0,
                "direction": "inbound",
                "ip_version": "ipv4",
                "port_max": 22,
                "port_min": 22,
                "protocol": "tcp",
                "remote": "r038-be438e0d-6bb1-41ee-8016-5e5ba2d53bef",
                "rule_id": "",
                "type": 0
              },
              {
                "code": 0,
                "direction": "outbound",
                "ip_version": "ipv4",
                "port_max": 0,
                "port_min": 0,
                "protocol": "all",
                "remote": "0.0.0.0/0",
                "rule_id": "r038-9f87f734-80df-4d91-a7fc-b81958350bf1",
                "type": 0
              },
              {
                "code": 0,
                "direction": "inbound",
                "ip_version": "ipv4",
                "port_max": 0,
                "port_min": 0,
                "protocol": "all",
                "remote": "r038-8a35d6a9-7b50-45a8-a568-bce0d926f67d",
                "rule_id": "r038-9d640184-bf7a-4361-9c21-86019729697d",
                "type": 0
              },
              {
                "code": 0,
                "direction": "inbound",
                "ip_version": "ipv4",
                "port_max": 0,
                "port_min": 0,
                "protocol": "icmp",
                "remote": "0.0.0.0/0",
                "rule_id": "r038-688c13ed-2f17-4b96-bdb5-c687e9a59f1b",
                "type": 0
              }
            ],
            "tags": [
              "owner:ryantiffany",
              "project:base-lab-vpc"
            ],
            "vpc": "r038-04fa052c-22d6-4b62-b771-df0336e14960"
          },
          "sensitive_attributes": []
        }
      ]
    },
    {
      "mode": "data",
      "type": "ibm_is_ssh_key",
      "name": "europa",
      "provider": "provider[\"registry.terraform.io/ibm-cloud/ibm\"]",
      "instances": [
        {
          "schema_version": 0,
          "attributes": {
            "crn": "crn:v1:bluemix:public:is:ca-tor:a/6c27214690345bfb75bb1f2b28a20504::key:r038-ba71e7c8-b4de-43cc-a658-87e3dd7290a1",
            "fingerprint": "SHA256:H/mUL7uRWMS9ir/D7wh1mCsey5pqPS+lVT9Ig+DOSAI",
            "id": "r038-ba71e7c8-b4de-43cc-a658-87e3dd7290a1",
            "length": 4096,
            "name": "europa-ca-tor",
            "public_key": "ssh-rsa AAAAB3NzaC1yc2EAAAADAQABAAACAQDSWes187pVlIxtp+bCI5ci1Zzn1A1GABqPKETyaztu29CIYf5XkkP5n8XzP/8n7NgeU0+/Z/izJvnT0HBEDin7VUMZTLJL9ERXaZ5KRwTAnQOx1DsueQgCI9/ZBahDeDVE2hvvbh/DCgCdD0o6SagVfOB9bO7/NJlZNwXSV5Xc84sWY4xgc0voLpNF8K648IsWGY27XbwHuVbb7blR6BKZd7ETf+DXMTEIdZr3YQ79bm+371T2LPtqsc0xYUHMXVCw8vyS0E6OeQxppmVLaR4NycXcW6/gj2aDGS6gHx0DMUA2pB3Snw/DK7FZ14fBZWw66wHkejWeR7pXfw1sqGaUUbVH66FwCGiKAZzm0pzneLVTaSUPg8KDtImREWW1EE7nadGDW/AHpRWVlc1cEqTvPqt1qmhut+AEnFTrQ1g9f4kh5cr3JzHXGUiAuzCZa9swQcEO8mEuWFUbzK82OxPqt00wMz567HkX1gVfHHMWcgJYYo99BR/DMKT3Xp4ULLNC5pTw5c5gBNan6SvhDVFIfibCmQh6Z9vBu7cgfpxliAOXN1B+4DSxuvjuDGYHEguNni4lDcN6MWnwQsvbpMOQGFr4vS89R0drf6LpkcQlbxKsJFgE6sJIXjkToQaEYf/4ieyUjjPmU8NkQFWx04USKpyQ2h7KtadsbzChk+bp1Q==",
            "resource_controller_url": "https://cloud.ibm.com/vpc/compute/sshKeys",
            "resource_crn": "crn:v1:bluemix:public:is:ca-tor:a/6c27214690345bfb75bb1f2b28a20504::key:r038-ba71e7c8-b4de-43cc-a658-87e3dd7290a1",
            "resource_group": null,
            "resource_group_name": "6b6211f1af784e62874070340ee4b6be",
            "resource_name": "europa-ca-tor",
            "type": "rsa"
          },
          "sensitive_attributes": []
        }
      ]
    },
    {
      "mode": "data",
      "type": "ibm_is_subnet",
      "name": "backend_subnet",
      "provider": "provider[\"registry.terraform.io/ibm-cloud/ibm\"]",
      "instances": [
        {
          "schema_version": 0,
          "attributes": {
            "access_tags": [],
            "available_ipv4_address_count": 59,
            "crn": "crn:v1:bluemix:public:is:ca-tor-1:a/6c27214690345bfb75bb1f2b28a20504::subnet:02q7-0f27fd0f-e037-4b7a-9e6f-2cd138744191",
            "id": "02q7-0f27fd0f-e037-4b7a-9e6f-2cd138744191",
            "identifier": null,
            "ipv4_cidr_block": "10.249.0.64/26",
            "name": "backend-zone-1-subnet",
            "network_acl": "r038-ef08f062-5a62-46f4-9199-f9a48314d8c9",
            "public_gateway": "r038-3e196bf8-e5b3-43d9-a42d-871d948154b0",
            "resource_controller_url": "https://cloud.ibm.com/vpc-ext/network/subnets",
            "resource_crn": "crn:v1:bluemix:public:is:ca-tor-1:a/6c27214690345bfb75bb1f2b28a20504::subnet:02q7-0f27fd0f-e037-4b7a-9e6f-2cd138744191",
            "resource_group": "6b6211f1af784e62874070340ee4b6be",
            "resource_group_name": "2022-cde-lab",
            "resource_name": "backend-zone-1-subnet",
            "resource_status": "available",
            "status": "available",
            "tags": [
              "owner:ryantiffany",
              "project:base-lab-vpc"
            ],
            "total_ipv4_address_count": 64,
            "vpc": "r038-04fa052c-22d6-4b62-b771-df0336e14960",
            "vpc_name": "base-lab-vpc",
            "zone": "ca-tor-1"
          },
          "sensitive_attributes": []
        }
      ]
    },
    {
      "mode": "data",
      "type": "ibm_is_vpc",
      "name": "tor_lab",
      "provider": "provider[\"registry.terraform.io/ibm-cloud/ibm\"]",
      "instances": [
        {
          "schema_version": 0,
          "attributes": {
            "classic_access": false,
            "crn": "crn:v1:bluemix:public:is:ca-tor:a/6c27214690345bfb75bb1f2b28a20504::vpc:r038-04fa052c-22d6-4b62-b771-df0336e14960",
            "cse_source_addresses": [
              {
                "address": "10.223.159.249",
                "zone_name": "ca-tor-1"
              },
              {
                "address": "10.223.167.112",
                "zone_name": "ca-tor-2"
              },
              {
                "address": "10.223.176.38",
                "zone_name": "ca-tor-3"
              }
            ],
            "default_network_acl": "r038-ef08f062-5a62-46f4-9199-f9a48314d8c9",
            "default_network_acl_crn": "crn:v1:bluemix:public:is:ca-tor:a/6c27214690345bfb75bb1f2b28a20504::network-acl:r038-ef08f062-5a62-46f4-9199-f9a48314d8c9",
            "default_network_acl_name": "base-lab-vpc-default-acl",
            "default_routing_table": "r038-feb54871-5784-4a4d-b824-c63f54f4e92c",
            "default_routing_table_name": "opposite-delirious-spearmint-musty",
            "default_security_group": "r038-d742a8ec-3d32-4c38-833f-4e1d00c4ba73",
            "default_security_group_crn": "crn:v1:bluemix:public:is:ca-tor:a/6c27214690345bfb75bb1f2b28a20504::security-group:r038-d742a8ec-3d32-4c38-833f-4e1d00c4ba73",
            "default_security_group_name": "base-lab-vpc-default-sg",
            "id": "r038-04fa052c-22d6-4b62-b771-df0336e14960",
            "name": "base-lab-vpc",
            "resource_controller_url": "https://cloud.ibm.com/vpc-ext/network/vpcs",
            "resource_crn": "crn:v1:bluemix:public:is:ca-tor:a/6c27214690345bfb75bb1f2b28a20504::vpc:r038-04fa052c-22d6-4b62-b771-df0336e14960",
            "resource_group": "6b6211f1af784e62874070340ee4b6be",
            "resource_group_name": "2022-cde-lab",
            "resource_name": "base-lab-vpc",
            "resource_status": "available",
            "security_group": [
              {
                "group_id": "r038-7b659e56-096b-43e1-83ab-b407ca5eb9fe",
                "group_name": "kube-r038-04fa052c-22d6-4b62-b771-df0336e14960",
                "rules": [
                  {
                    "code": 0,
                    "direction": "outbound",
                    "ip_version": "ipv4",
                    "port_max": 32767,
                    "port_min": 30000,
                    "protocol": "tcp",
                    "remote": "0.0.0.0/0",
                    "rule_id": "r038-71403778-dda7-4e79-8da1-bd6111f75ad6",
                    "type": 0
                  },
                  {
                    "code": 0,
                    "direction": "outbound",
                    "ip_version": "ipv4",
                    "port_max": 32767,
                    "port_min": 30000,
                    "protocol": "udp",
                    "remote": "0.0.0.0/0",
                    "rule_id": "r038-5fa879dc-18bc-4b95-8fd0-8a63259c6826",
                    "type": 0
                  },
                  {
                    "code": 0,
                    "direction": "inbound",
                    "ip_version": "ipv4",
                    "port_max": 65535,
                    "port_min": 1,
                    "protocol": "tcp",
                    "remote": "0.0.0.0/0",
                    "rule_id": "r038-0bbfa6ff-0a30-4034-b2c1-1eecd9374a6b",
                    "type": 0
                  },
                  {
                    "code": 0,
                    "direction": "inbound",
                    "ip_version": "ipv4",
                    "port_max": 65535,
                    "port_min": 1,
                    "protocol": "udp",
                    "remote": "0.0.0.0/0",
                    "rule_id": "r038-96f95374-1149-435e-8c8c-a4532daa7c48",
                    "type": 0
                  }
                ]
              },
              {
                "group_id": "r038-26bdf234-be82-4319-9ac3-bbf748c4fb82",
                "group_name": "kube-cabq1pfr0csnk5j7n3og",
                "rules": [
                  {
                    "code": 0,
                    "direction": "inbound",
                    "ip_version": "ipv4",
                    "port_max": 0,
                    "port_min": 0,
                    "protocol": "all",
                    "remote": "172.17.0.0/18",
                    "rule_id": "r038-23e8f5d0-0de2-4da8-a266-3c16237062ae",
                    "type": 0
                  },
                  {
                    "code": 0,
                    "direction": "inbound",
                    "ip_version": "ipv4",
                    "port_max": 32767,
                    "port_min": 30000,
                    "protocol": "tcp",
                    "remote": "0.0.0.0/0",
                    "rule_id": "r038-d2e7bdaa-94bf-4aed-9502-2ec254e1ed7d",
                    "type": 0
                  },
                  {
                    "code": 0,
                    "direction": "inbound",
                    "ip_version": "ipv4",
                    "port_max": 32767,
                    "port_min": 30000,
                    "protocol": "udp",
                    "remote": "0.0.0.0/0",
                    "rule_id": "r038-567fa7ae-4753-4090-bdfb-59ac90260b6d",
                    "type": 0
                  },
                  {
                    "code": 0,
                    "direction": "outbound",
                    "ip_version": "ipv4",
                    "port_max": 0,
                    "port_min": 0,
                    "protocol": "all",
                    "remote": "172.17.0.0/18",
                    "rule_id": "r038-50f04b48-776a-490b-8fd8-2c9e1c757cc0",
                    "type": 0
                  }
                ]
              },
              {
                "group_id": "r038-8a35d6a9-7b50-45a8-a568-bce0d926f67d",
                "group_name": "base-lab-vpc-backend-sg",
                "rules": [
                  {
                    "code": 0,
                    "direction": "inbound",
                    "ip_version": "ipv4",
                    "port_max": 22,
                    "port_min": 22,
                    "protocol": "tcp",
                    "remote": "r038-be438e0d-6bb1-41ee-8016-5e5ba2d53bef",
                    "rule_id": "r038-c79bfd7d-0a46-4bf7-88ad-7b16ace1440f",
                    "type": 0
                  },
                  {
                    "code": 0,
                    "direction": "outbound",
                    "ip_version": "ipv4",
                    "port_max": 0,
                    "port_min": 0,
                    "protocol": "all",
                    "remote": "0.0.0.0/0",
                    "rule_id": "r038-9f87f734-80df-4d91-a7fc-b81958350bf1",
                    "type": 0
                  },
                  {
                    "code": 0,
                    "direction": "inbound",
                    "ip_version": "ipv4",
                    "port_max": 0,
                    "port_min": 0,
                    "protocol": "all",
                    "remote": "r038-8a35d6a9-7b50-45a8-a568-bce0d926f67d",
                    "rule_id": "r038-9d640184-bf7a-4361-9c21-86019729697d",
                    "type": 0
                  },
                  {
                    "code": 0,
                    "direction": "inbound",
                    "ip_version": "ipv4",
                    "port_max": 0,
                    "port_min": 0,
                    "protocol": "icmp",
                    "remote": "0.0.0.0/0",
                    "rule_id": "r038-688c13ed-2f17-4b96-bdb5-c687e9a59f1b",
                    "type": 0
                  }
                ]
              },
              {
                "group_id": "r038-be438e0d-6bb1-41ee-8016-5e5ba2d53bef",
                "group_name": "base-lab-vpc-frontend-sg",
                "rules": [
                  {
                    "code": 0,
                    "direction": "inbound",
                    "ip_version": "ipv4",
                    "port_max": 80,
                    "port_min": 80,
                    "protocol": "tcp",
                    "remote": "0.0.0.0/0",
                    "rule_id": "r038-c084e7e0-98d1-421f-b582-792eab4e295d",
                    "type": 0
                  },
                  {
                    "code": 0,
                    "direction": "inbound",
                    "ip_version": "ipv4",
                    "port_max": 443,
                    "port_min": 443,
                    "protocol": "tcp",
                    "remote": "0.0.0.0/0",
                    "rule_id": "r038-9d1c0219-3bca-407b-b33a-2c5a078a6efe",
                    "type": 0
                  },
                  {
                    "code": 0,
                    "direction": "inbound",
                    "ip_version": "ipv4",
                    "port_max": 51820,
                    "port_min": 51820,
                    "protocol": "udp",
                    "remote": "136.244.50.156",
                    "rule_id": "r038-e8287fe6-64fc-471d-97ad-d097d5ff05a6",
                    "type": 0
                  },
                  {
                    "code": 0,
                    "direction": "inbound",
                    "ip_version": "ipv4",
                    "port_max": 22,
                    "port_min": 22,
                    "protocol": "tcp",
                    "remote": "136.244.50.156",
                    "rule_id": "r038-a141cde6-17a1-4b52-b51c-eacebd9fa912",
                    "type": 0
                  },
                  {
                    "code": 0,
                    "direction": "outbound",
                    "ip_version": "ipv4",
                    "port_max": 0,
                    "port_min": 0,
                    "protocol": "all",
                    "remote": "0.0.0.0/0",
                    "rule_id": "r038-3165abc4-9ebe-43de-a547-105bfce79903",
                    "type": 0
                  },
                  {
                    "code": 0,
                    "direction": "inbound",
                    "ip_version": "ipv4",
                    "port_max": 0,
                    "port_min": 0,
                    "protocol": "all",
                    "remote": "r038-be438e0d-6bb1-41ee-8016-5e5ba2d53bef",
                    "rule_id": "r038-1e5d4b0c-cbaa-45e5-b130-7406e26072be",
                    "type": 0
                  },
                  {
                    "code": 0,
                    "direction": "inbound",
                    "ip_version": "ipv4",
                    "port_max": 0,
                    "port_min": 0,
                    "protocol": "all",
                    "remote": "r038-8a35d6a9-7b50-45a8-a568-bce0d926f67d",
                    "rule_id": "r038-72d0917c-981a-4a4b-99e0-c6beaac1c93f",
                    "type": 0
                  },
                  {
                    "code": 0,
                    "direction": "inbound",
                    "ip_version": "ipv4",
                    "port_max": 22,
                    "port_min": 22,
                    "protocol": "tcp",
                    "remote": "0.0.0.0/0",
                    "rule_id": "r038-f9bd808e-47f9-4ef7-b21e-31e3599afeda",
                    "type": 0
                  },
                  {
                    "code": 0,
                    "direction": "inbound",
                    "ip_version": "ipv4",
                    "port_max": 22,
                    "port_min": 22,
                    "protocol": "tcp",
                    "remote": "0.0.0.0/0",
                    "rule_id": "r038-c35af090-9d69-4967-a7e4-d4ead5a29224",
                    "type": 0
                  },
                  {
                    "code": 0,
                    "direction": "inbound",
                    "ip_version": "ipv4",
                    "port_max": 22,
                    "port_min": 22,
                    "protocol": "tcp",
                    "remote": "0.0.0.0/0",
                    "rule_id": "r038-24c3dd6b-1bfb-4a28-ada8-bb4e02982d5f",
                    "type": 0
                  }
                ]
              },
              {
                "group_id": "r038-d742a8ec-3d32-4c38-833f-4e1d00c4ba73",
                "group_name": "base-lab-vpc-default-sg",
                "rules": [
                  {
                    "code": 0,
                    "direction": "outbound",
                    "ip_version": "ipv4",
                    "port_max": 0,
                    "port_min": 0,
                    "protocol": "all",
                    "remote": "0.0.0.0/0",
                    "rule_id": "r038-8bbd8b74-87eb-4508-a8b0-bdd925e537da",
                    "type": 0
                  },
                  {
                    "code": 0,
                    "direction": "inbound",
                    "ip_version": "ipv4",
                    "port_max": 0,
                    "port_min": 0,
                    "protocol": "all",
                    "remote": "r038-d742a8ec-3d32-4c38-833f-4e1d00c4ba73",
                    "rule_id": "r038-4c61ebb8-30b3-4c46-91f7-7d4f267edba7",
                    "type": 0
                  }
                ]
              }
            ],
            "status": "available",
            "subnets": [
              {
                "available_ipv4_address_count": 246,
                "id": "02r7-02152d7c-5c93-408a-841f-b69e28d2b5a2",
                "name": "containers-z2-subnet",
                "status": "available",
                "total_ipv4_address_count": 256,
                "zone": "ca-tor-2"
              },
              {
                "available_ipv4_address_count": 246,
                "id": "02q7-986fc0ab-0c0e-494e-a4f0-31b4522fbf27",
                "name": "containers-z1-subnet",
                "status": "available",
                "total_ipv4_address_count": 256,
                "zone": "ca-tor-1"
              },
              {
                "available_ipv4_address_count": 59,
                "id": "02q7-0f27fd0f-e037-4b7a-9e6f-2cd138744191",
                "name": "backend-zone-1-subnet",
                "status": "available",
                "total_ipv4_address_count": 64,
                "zone": "ca-tor-1"
              },
              {
                "available_ipv4_address_count": 10,
                "id": "02q7-fc0598ac-2e8b-4eb5-9349-868dc78d86d6",
                "name": "frontend-zone-1-subnet",
                "status": "available",
                "total_ipv4_address_count": 16,
                "zone": "ca-tor-1"
              }
            ],
            "tags": []
          },
          "sensitive_attributes": []
        }
      ]
    },
    {
      "mode": "data",
      "type": "ibm_resource_group",
      "name": "cde_lab",
      "provider": "provider[\"registry.terraform.io/ibm-cloud/ibm\"]",
      "instances": [
        {
          "schema_version": 0,
          "attributes": {
            "account_id": "6c27214690345bfb75bb1f2b28a20504",
            "created_at": "2021-11-09T14:07:08.563Z",
            "crn": "crn:v1:bluemix:public:resource-controller::a/6c27214690345bfb75bb1f2b28a20504::resource-group:6b6211f1af784e62874070340ee4b6be",
            "id": "6b6211f1af784e62874070340ee4b6be",
            "is_default": false,
            "name": "2022-cde-lab",
            "payment_methods_url": "/v2/resource_groups/6b6211f1af784e62874070340ee4b6be/payment_methods",
            "quota_id": "a3d7b8d01e261c24677937c29ab33f3c",
            "quota_url": "/v2/quota_definitions/a3d7b8d01e261c24677937c29ab33f3c",
            "resource_linkages": [],
            "state": "ACTIVE",
            "teams_url": "/v2/resource_groups/6b6211f1af784e62874070340ee4b6be/teams",
            "updated_at": "2021-11-09T14:07:08.563Z"
          },
          "sensitive_attributes": []
        }
      ]
    },
    {
      "mode": "data",
      "type": "local_file",
      "name": "packer_manifest",
      "provider": "provider[\"registry.terraform.io/hashicorp/local\"]",
      "instances": [
        {
          "schema_version": 0,
          "attributes": {
            "content": "{\n  \"builds\": [\n    {\n      \"name\": \"starter\",\n      \"builder_type\": \"ibmcloud-vpc\",\n      \"build_time\": 1654199489,\n      \"files\": null,\n      \"artifact_id\": \"r038-facc85e6-098a-44a3-84be-4b4fbf4bc7ee\",\n      \"packer_run_uuid\": \"1ca600c9-20b3-e2f6-8509-19e7cdcf2547\",\n      \"custom_data\": null\n    }\n  ],\n  \"last_run_uuid\": \"1ca600c9-20b3-e2f6-8509-19e7cdcf2547\"\n}",
            "content_base64": "ewogICJidWlsZHMiOiBbCiAgICB7CiAgICAgICJuYW1lIjogInN0YXJ0ZXIiLAogICAgICAiYnVpbGRlcl90eXBlIjogImlibWNsb3VkLXZwYyIsCiAgICAgICJidWlsZF90aW1lIjogMTY1NDE5OTQ4OSwKICAgICAgImZpbGVzIjogbnVsbCwKICAgICAgImFydGlmYWN0X2lkIjogInIwMzgtZmFjYzg1ZTYtMDk4YS00NGEzLTg0YmUtNGI0ZmJmNGJjN2VlIiwKICAgICAgInBhY2tlcl9ydW5fdXVpZCI6ICIxY2E2MDBjOS0yMGIzLWUyZjYtODUwOS0xOWU3Y2RjZjI1NDciLAogICAgICAiY3VzdG9tX2RhdGEiOiBudWxsCiAgICB9CiAgXSwKICAibGFzdF9ydW5fdXVpZCI6ICIxY2E2MDBjOS0yMGIzLWUyZjYtODUwOS0xOWU3Y2RjZjI1NDciCn0=",
            "filename": "../manifest.json",
            "id": "5a1c6b86dc9e0f75b07d6b5e9ee18b4a5496fdd6"
          },
          "sensitive_attributes": []
        }
      ]
    },
    {
      "mode": "managed",
      "type": "ibm_is_instance",
      "name": "packer",
      "provider": "provider[\"registry.terraform.io/ibm-cloud/ibm\"]",
      "instances": [
        {
          "schema_version": 0,
          "attributes": {
            "action": null,
            "auto_delete_volume": null,
            "availability_policy_host_failure": "restart",
            "bandwidth": 4000,
            "boot_volume": [
              {
                "encryption": "",
                "iops": 3000,
                "name": "ibm-u20-boot-volume",
                "profile": "general-purpose",
                "size": 100,
                "snapshot": "",
                "volume_id": "r038-425cb5cd-4e5d-4508-a164-33074443d111"
              }
            ],
            "crn": "crn:v1:bluemix:public:is:ca-tor-1:a/6c27214690345bfb75bb1f2b28a20504::instance:02q7_94ca792a-4d39-444a-841b-abb3e5038ef6",
            "dedicated_host": null,
            "dedicated_host_group": null,
            "default_trusted_profile_auto_link": null,
            "default_trusted_profile_target": null,
            "disks": [],
            "force_action": false,
            "force_recovery_time": null,
            "gpu": [],
            "id": "02q7_94ca792a-4d39-444a-841b-abb3e5038ef6",
            "image": "r038-facc85e6-098a-44a3-84be-4b4fbf4bc7ee",
            "instance_template": null,
            "keys": [
              "r038-ba71e7c8-b4de-43cc-a658-87e3dd7290a1"
            ],
            "memory": 4,
            "metadata_service_enabled": true,
            "name": "ibm-u20-packer",
            "network_interfaces": [],
            "placement_group": null,
            "placement_target": [],
            "primary_network_interface": [
              {
                "allow_ip_spoofing": false,
                "id": "02q7-c1316061-e2a2-4ddb-ac12-3980fc756651",
                "name": "flick-saturate-botanist-coconut",
                "port_speed": 3000,
                "primary_ip": [
                  {
                    "address": "10.249.0.93",
                    "auto_delete": true,
                    "href": "https://ca-tor.iaas.cloud.ibm.com/v1/subnets/02q7-0f27fd0f-e037-4b7a-9e6f-2cd138744191/reserved_ips/02q7-41cb64bd-f3b2-470f-ad77-0ca448e0e854",
                    "name": "resilient-subsidize-headphone-aim",
                    "reserved_ip": "02q7-41cb64bd-f3b2-470f-ad77-0ca448e0e854",
                    "resource_type": "subnet_reserved_ip"
                  }
                ],
                "primary_ipv4_address": "10.249.0.93",
                "security_groups": [
                  "r038-8a35d6a9-7b50-45a8-a568-bce0d926f67d"
                ],
                "subnet": "02q7-0f27fd0f-e037-4b7a-9e6f-2cd138744191"
              }
            ],
            "profile": "cx2-2x4",
            "resource_controller_url": "https://cloud.ibm.com/vpc-ext/compute/vs",
            "resource_crn": "crn:v1:bluemix:public:is:ca-tor-1:a/6c27214690345bfb75bb1f2b28a20504::instance:02q7_94ca792a-4d39-444a-841b-abb3e5038ef6",
            "resource_group": "6b6211f1af784e62874070340ee4b6be",
            "resource_group_name": "2022-cde-lab",
            "resource_name": "ibm-u20-packer",
            "resource_status": "running",
            "status": "running",
            "status_reasons": [],
            "tags": [
              "owner:ryantiffany",
              "packer_template_test"
            ],
            "timeouts": null,
            "total_network_bandwidth": 3000,
            "total_volume_bandwidth": 1000,
            "user_data": "#!/usr/bin/env bash\n\nlogdna-agent -t \"provider:ibm\"\nlogdna-agent -t \"host:$(hostname -s)\"\nsystemctl enable --now logdna-agent\nsystemctl start logdna-agent",
            "vcpu": [
              {
                "architecture": "amd64",
                "count": 2
              }
            ],
            "volume_attachments": [
              {
                "id": "02q7-7ba45d2c-08d2-4d71-8416-f2472a98538d",
                "name": "oval-ritual-charm-thinner",
                "volume_crn": "crn:v1:bluemix:public:is:ca-tor-1:a/6c27214690345bfb75bb1f2b28a20504::volume:r038-425cb5cd-4e5d-4508-a164-33074443d111",
                "volume_id": "r038-425cb5cd-4e5d-4508-a164-33074443d111",
                "volume_name": "ibm-u20-boot-volume"
              }
            ],
            "volumes": null,
            "vpc": "r038-04fa052c-22d6-4b62-b771-df0336e14960",
            "wait_before_delete": true,
            "zone": "ca-tor-1"
          },
          "sensitive_attributes": [],
          "private": "eyJlMmJmYjczMC1lY2FhLTExZTYtOGY4OC0zNDM2M2JjN2M0YzAiOnsiY3JlYXRlIjoxODAwMDAwMDAwMDAwLCJkZWxldGUiOjE4MDAwMDAwMDAwMDAsInVwZGF0ZSI6MTgwMDAwMDAwMDAwMH19",
          "dependencies": [
            "data.ibm_is_security_group.backend_sg",
            "data.ibm_is_ssh_key.europa",
            "data.ibm_is_subnet.backend_subnet",
            "data.ibm_is_vpc.tor_lab",
            "data.ibm_resource_group.cde_lab",
            "data.local_file.packer_manifest"
          ]
        }
      ]
    }
  ]
}
