{
  "version": 4,
  "terraform_version": "1.0.9",
  "serial": 12,
  "lineage": "ff29f103-b649-fcda-f4ad-d3e4cf26c480",
  "outputs": {
    "instance_private_ip": {
      "value": "10.249.0.10",
      "type": "string"
    },
    "instance_public_ip": {
      "value": "163.66.92.97",
      "type": "string"
    }
  },
  "resources": [
    {
      "mode": "data",
      "type": "ibm_is_image",
      "name": "packer",
      "provider": "provider[\"registry.terraform.io/ibm-cloud/ibm\"]",
      "instances": [
        {
          "schema_version": 0,
          "attributes": {
            "architecture": "amd64",
            "checksum": "f96e55192efcb1f27926dbb2b89fe89220049037e0d52a953b62cca5c24128c9",
            "crn": "crn:v1:bluemix:public:is:ca-tor:a/6c27214690345bfb75bb1f2b28a20504::image:r038-982125ed-821b-45ba-a78f-a85376df846b",
            "encryption": "none",
            "encryption_key": null,
            "id": "r038-982125ed-821b-45ba-a78f-a85376df846b",
            "identifier": null,
            "name": "warpspeed-20220613204557",
            "os": "ubuntu-20-04-amd64",
            "source_volume": "r038-acddba19-8421-4c65-babf-6b73d603c9e3",
            "status": "available",
            "visibility": "private"
          },
          "sensitive_attributes": []
        }
      ]
    },
    {
      "mode": "data",
      "type": "ibm_is_security_group",
      "name": "frontend_sg",
      "provider": "provider[\"registry.terraform.io/ibm-cloud/ibm\"]",
      "instances": [
        {
          "schema_version": 0,
          "attributes": {
            "crn": "crn:v1:bluemix:public:is:ca-tor:a/6c27214690345bfb75bb1f2b28a20504::security-group:r038-be438e0d-6bb1-41ee-8016-5e5ba2d53bef",
            "id": "r038-be438e0d-6bb1-41ee-8016-5e5ba2d53bef",
            "name": "base-lab-vpc-frontend-sg",
            "resource_controller_url": "https://cloud.ibm.com/vpc/network/securityGroups",
            "resource_crn": "crn:v1:bluemix:public:is:ca-tor:a/6c27214690345bfb75bb1f2b28a20504::security-group:r038-be438e0d-6bb1-41ee-8016-5e5ba2d53bef",
            "resource_group_name": "2022-cde-lab",
            "resource_name": "base-lab-vpc-frontend-sg",
            "rules": [
              {
                "code": 0,
                "direction": "inbound",
                "ip_version": "ipv4",
                "port_max": 80,
                "port_min": 80,
                "protocol": "tcp",
                "remote": "0.0.0.0/0",
                "rule_id": "",
                "type": 0
              },
              {
                "code": 0,
                "direction": "inbound",
                "ip_version": "ipv4",
                "port_max": 443,
                "port_min": 443,
                "protocol": "tcp",
                "remote": "0.0.0.0/0",
                "rule_id": "",
                "type": 0
              },
              {
                "code": 0,
                "direction": "inbound",
                "ip_version": "ipv4",
                "port_max": 51820,
                "port_min": 51820,
                "protocol": "udp",
                "remote": "136.244.50.156",
                "rule_id": "",
                "type": 0
              },
              {
                "code": 0,
                "direction": "inbound",
                "ip_version": "ipv4",
                "port_max": 22,
                "port_min": 22,
                "protocol": "tcp",
                "remote": "136.244.50.156",
                "rule_id": "",
                "type": 0
              },
              {
                "code": 0,
                "direction": "outbound",
                "ip_version": "ipv4",
                "port_max": 0,
                "port_min": 0,
                "protocol": "all",
                "remote": "0.0.0.0/0",
                "rule_id": "r038-3165abc4-9ebe-43de-a547-105bfce79903",
                "type": 0
              },
              {
                "code": 0,
                "direction": "inbound",
                "ip_version": "ipv4",
                "port_max": 0,
                "port_min": 0,
                "protocol": "all",
                "remote": "r038-be438e0d-6bb1-41ee-8016-5e5ba2d53bef",
                "rule_id": "r038-1e5d4b0c-cbaa-45e5-b130-7406e26072be",
                "type": 0
              },
              {
                "code": 0,
                "direction": "inbound",
                "ip_version": "ipv4",
                "port_max": 0,
                "port_min": 0,
                "protocol": "all",
                "remote": "r038-8a35d6a9-7b50-45a8-a568-bce0d926f67d",
                "rule_id": "r038-72d0917c-981a-4a4b-99e0-c6beaac1c93f",
                "type": 0
              },
              {
                "code": 0,
                "direction": "inbound",
                "ip_version": "ipv4",
                "port_max": 3389,
                "port_min": 3389,
                "protocol": "tcp",
                "remote": "0.0.0.0/0",
                "rule_id": "",
                "type": 0
              }
            ],
            "tags": [
              "owner:ryantiffany",
              "project:base-lab-vpc"
            ],
            "vpc": "r038-04fa052c-22d6-4b62-b771-df0336e14960"
          },
          "sensitive_attributes": []
        }
      ]
    },
    {
      "mode": "data",
      "type": "ibm_is_ssh_key",
      "name": "europa",
      "provider": "provider[\"registry.terraform.io/ibm-cloud/ibm\"]",
      "instances": [
        {
          "schema_version": 0,
          "attributes": {
            "crn": "crn:v1:bluemix:public:is:ca-tor:a/6c27214690345bfb75bb1f2b28a20504::key:r038-ba71e7c8-b4de-43cc-a658-87e3dd7290a1",
            "fingerprint": "SHA256:H/mUL7uRWMS9ir/D7wh1mCsey5pqPS+lVT9Ig+DOSAI",
            "id": "r038-ba71e7c8-b4de-43cc-a658-87e3dd7290a1",
            "length": 4096,
            "name": "europa-ca-tor",
            "public_key": "ssh-rsa AAAAB3NzaC1yc2EAAAADAQABAAACAQDSWes187pVlIxtp+bCI5ci1Zzn1A1GABqPKETyaztu29CIYf5XkkP5n8XzP/8n7NgeU0+/Z/izJvnT0HBEDin7VUMZTLJL9ERXaZ5KRwTAnQOx1DsueQgCI9/ZBahDeDVE2hvvbh/DCgCdD0o6SagVfOB9bO7/NJlZNwXSV5Xc84sWY4xgc0voLpNF8K648IsWGY27XbwHuVbb7blR6BKZd7ETf+DXMTEIdZr3YQ79bm+371T2LPtqsc0xYUHMXVCw8vyS0E6OeQxppmVLaR4NycXcW6/gj2aDGS6gHx0DMUA2pB3Snw/DK7FZ14fBZWw66wHkejWeR7pXfw1sqGaUUbVH66FwCGiKAZzm0pzneLVTaSUPg8KDtImREWW1EE7nadGDW/AHpRWVlc1cEqTvPqt1qmhut+AEnFTrQ1g9f4kh5cr3JzHXGUiAuzCZa9swQcEO8mEuWFUbzK82OxPqt00wMz567HkX1gVfHHMWcgJYYo99BR/DMKT3Xp4ULLNC5pTw5c5gBNan6SvhDVFIfibCmQh6Z9vBu7cgfpxliAOXN1B+4DSxuvjuDGYHEguNni4lDcN6MWnwQsvbpMOQGFr4vS89R0drf6LpkcQlbxKsJFgE6sJIXjkToQaEYf/4ieyUjjPmU8NkQFWx04USKpyQ2h7KtadsbzChk+bp1Q==",
            "resource_controller_url": "https://cloud.ibm.com/vpc/compute/sshKeys",
            "resource_crn": "crn:v1:bluemix:public:is:ca-tor:a/6c27214690345bfb75bb1f2b28a20504::key:r038-ba71e7c8-b4de-43cc-a658-87e3dd7290a1",
            "resource_group": null,
            "resource_group_name": "6b6211f1af784e62874070340ee4b6be",
            "resource_name": "europa-ca-tor",
            "type": "rsa"
          },
          "sensitive_attributes": []
        }
      ]
    },
    {
      "mode": "data",
      "type": "ibm_is_subnet",
      "name": "frontend_subnet",
      "provider": "provider[\"registry.terraform.io/ibm-cloud/ibm\"]",
      "instances": [
        {
          "schema_version": 0,
          "attributes": {
            "access_tags": [],
            "available_ipv4_address_count": 9,
            "crn": "crn:v1:bluemix:public:is:ca-tor-1:a/6c27214690345bfb75bb1f2b28a20504::subnet:02q7-fc0598ac-2e8b-4eb5-9349-868dc78d86d6",
            "id": "02q7-fc0598ac-2e8b-4eb5-9349-868dc78d86d6",
            "identifier": null,
            "ipv4_cidr_block": "10.249.0.0/28",
            "name": "frontend-zone-1-subnet",
            "network_acl": "r038-ef08f062-5a62-46f4-9199-f9a48314d8c9",
            "public_gateway": "r038-3e196bf8-e5b3-43d9-a42d-871d948154b0",
            "resource_controller_url": "https://cloud.ibm.com/vpc-ext/network/subnets",
            "resource_crn": "crn:v1:bluemix:public:is:ca-tor-1:a/6c27214690345bfb75bb1f2b28a20504::subnet:02q7-fc0598ac-2e8b-4eb5-9349-868dc78d86d6",
            "resource_group": "6b6211f1af784e62874070340ee4b6be",
            "resource_group_name": "2022-cde-lab",
            "resource_name": "frontend-zone-1-subnet",
            "resource_status": "available",
            "status": "available",
            "tags": [],
            "total_ipv4_address_count": 16,
            "vpc": "r038-04fa052c-22d6-4b62-b771-df0336e14960",
            "vpc_name": "base-lab-vpc",
            "zone": "ca-tor-1"
          },
          "sensitive_attributes": []
        }
      ]
    },
    {
      "mode": "data",
      "type": "ibm_is_vpc",
      "name": "tor_lab",
      "provider": "provider[\"registry.terraform.io/ibm-cloud/ibm\"]",
      "instances": [
        {
          "schema_version": 0,
          "attributes": {
            "classic_access": false,
            "crn": "crn:v1:bluemix:public:is:ca-tor:a/6c27214690345bfb75bb1f2b28a20504::vpc:r038-04fa052c-22d6-4b62-b771-df0336e14960",
            "cse_source_addresses": [
              {
                "address": "10.223.159.249",
                "zone_name": "ca-tor-1"
              },
              {
                "address": "10.223.167.112",
                "zone_name": "ca-tor-2"
              },
              {
                "address": "10.223.176.38",
                "zone_name": "ca-tor-3"
              }
            ],
            "default_network_acl": "r038-ef08f062-5a62-46f4-9199-f9a48314d8c9",
            "default_network_acl_crn": "crn:v1:bluemix:public:is:ca-tor:a/6c27214690345bfb75bb1f2b28a20504::network-acl:r038-ef08f062-5a62-46f4-9199-f9a48314d8c9",
            "default_network_acl_name": "base-lab-vpc-default-acl",
            "default_routing_table": "r038-feb54871-5784-4a4d-b824-c63f54f4e92c",
            "default_routing_table_name": "opposite-delirious-spearmint-musty",
            "default_security_group": "r038-d742a8ec-3d32-4c38-833f-4e1d00c4ba73",
            "default_security_group_crn": "crn:v1:bluemix:public:is:ca-tor:a/6c27214690345bfb75bb1f2b28a20504::security-group:r038-d742a8ec-3d32-4c38-833f-4e1d00c4ba73",
            "default_security_group_name": "base-lab-vpc-default-sg",
            "id": "r038-04fa052c-22d6-4b62-b771-df0336e14960",
            "name": "base-lab-vpc",
            "resource_controller_url": "https://cloud.ibm.com/vpc-ext/network/vpcs",
            "resource_crn": "crn:v1:bluemix:public:is:ca-tor:a/6c27214690345bfb75bb1f2b28a20504::vpc:r038-04fa052c-22d6-4b62-b771-df0336e14960",
            "resource_group": "6b6211f1af784e62874070340ee4b6be",
            "resource_group_name": "2022-cde-lab",
            "resource_name": "base-lab-vpc",
            "resource_status": "available",
            "security_group": [
              {
                "group_id": "r038-8a35d6a9-7b50-45a8-a568-bce0d926f67d",
                "group_name": "base-lab-vpc-backend-sg",
                "rules": [
                  {
                    "code": 0,
                    "direction": "inbound",
                    "ip_version": "ipv4",
                    "port_max": 22,
                    "port_min": 22,
                    "protocol": "tcp",
                    "remote": "r038-be438e0d-6bb1-41ee-8016-5e5ba2d53bef",
                    "rule_id": "r038-c79bfd7d-0a46-4bf7-88ad-7b16ace1440f",
                    "type": 0
                  },
                  {
                    "code": 0,
                    "direction": "outbound",
                    "ip_version": "ipv4",
                    "port_max": 0,
                    "port_min": 0,
                    "protocol": "all",
                    "remote": "0.0.0.0/0",
                    "rule_id": "r038-9f87f734-80df-4d91-a7fc-b81958350bf1",
                    "type": 0
                  },
                  {
                    "code": 0,
                    "direction": "inbound",
                    "ip_version": "ipv4",
                    "port_max": 0,
                    "port_min": 0,
                    "protocol": "all",
                    "remote": "r038-8a35d6a9-7b50-45a8-a568-bce0d926f67d",
                    "rule_id": "r038-9d640184-bf7a-4361-9c21-86019729697d",
                    "type": 0
                  },
                  {
                    "code": 0,
                    "direction": "inbound",
                    "ip_version": "ipv4",
                    "port_max": 0,
                    "port_min": 0,
                    "protocol": "icmp",
                    "remote": "0.0.0.0/0",
                    "rule_id": "r038-688c13ed-2f17-4b96-bdb5-c687e9a59f1b",
                    "type": 0
                  },
                  {
                    "code": 0,
                    "direction": "inbound",
                    "ip_version": "ipv4",
                    "port_max": 3389,
                    "port_min": 3389,
                    "protocol": "tcp",
                    "remote": "0.0.0.0/0",
                    "rule_id": "r038-78ced294-4ff6-41ce-852b-4b0433294527",
                    "type": 0
                  }
                ]
              },
              {
                "group_id": "r038-be438e0d-6bb1-41ee-8016-5e5ba2d53bef",
                "group_name": "base-lab-vpc-frontend-sg",
                "rules": [
                  {
                    "code": 0,
                    "direction": "inbound",
                    "ip_version": "ipv4",
                    "port_max": 80,
                    "port_min": 80,
                    "protocol": "tcp",
                    "remote": "0.0.0.0/0",
                    "rule_id": "r038-c084e7e0-98d1-421f-b582-792eab4e295d",
                    "type": 0
                  },
                  {
                    "code": 0,
                    "direction": "inbound",
                    "ip_version": "ipv4",
                    "port_max": 443,
                    "port_min": 443,
                    "protocol": "tcp",
                    "remote": "0.0.0.0/0",
                    "rule_id": "r038-9d1c0219-3bca-407b-b33a-2c5a078a6efe",
                    "type": 0
                  },
                  {
                    "code": 0,
                    "direction": "inbound",
                    "ip_version": "ipv4",
                    "port_max": 51820,
                    "port_min": 51820,
                    "protocol": "udp",
                    "remote": "136.244.50.156",
                    "rule_id": "r038-e8287fe6-64fc-471d-97ad-d097d5ff05a6",
                    "type": 0
                  },
                  {
                    "code": 0,
                    "direction": "inbound",
                    "ip_version": "ipv4",
                    "port_max": 22,
                    "port_min": 22,
                    "protocol": "tcp",
                    "remote": "136.244.50.156",
                    "rule_id": "r038-a141cde6-17a1-4b52-b51c-eacebd9fa912",
                    "type": 0
                  },
                  {
                    "code": 0,
                    "direction": "outbound",
                    "ip_version": "ipv4",
                    "port_max": 0,
                    "port_min": 0,
                    "protocol": "all",
                    "remote": "0.0.0.0/0",
                    "rule_id": "r038-3165abc4-9ebe-43de-a547-105bfce79903",
                    "type": 0
                  },
                  {
                    "code": 0,
                    "direction": "inbound",
                    "ip_version": "ipv4",
                    "port_max": 0,
                    "port_min": 0,
                    "protocol": "all",
                    "remote": "r038-be438e0d-6bb1-41ee-8016-5e5ba2d53bef",
                    "rule_id": "r038-1e5d4b0c-cbaa-45e5-b130-7406e26072be",
                    "type": 0
                  },
                  {
                    "code": 0,
                    "direction": "inbound",
                    "ip_version": "ipv4",
                    "port_max": 0,
                    "port_min": 0,
                    "protocol": "all",
                    "remote": "r038-8a35d6a9-7b50-45a8-a568-bce0d926f67d",
                    "rule_id": "r038-72d0917c-981a-4a4b-99e0-c6beaac1c93f",
                    "type": 0
                  },
                  {
                    "code": 0,
                    "direction": "inbound",
                    "ip_version": "ipv4",
                    "port_max": 3389,
                    "port_min": 3389,
                    "protocol": "tcp",
                    "remote": "0.0.0.0/0",
                    "rule_id": "r038-a61572fa-c5ae-4f6c-b94d-ff3f86c18641",
                    "type": 0
                  }
                ]
              },
              {
                "group_id": "r038-d742a8ec-3d32-4c38-833f-4e1d00c4ba73",
                "group_name": "base-lab-vpc-default-sg",
                "rules": [
                  {
                    "code": 0,
                    "direction": "outbound",
                    "ip_version": "ipv4",
                    "port_max": 0,
                    "port_min": 0,
                    "protocol": "all",
                    "remote": "0.0.0.0/0",
                    "rule_id": "r038-8bbd8b74-87eb-4508-a8b0-bdd925e537da",
                    "type": 0
                  },
                  {
                    "code": 0,
                    "direction": "inbound",
                    "ip_version": "ipv4",
                    "port_max": 0,
                    "port_min": 0,
                    "protocol": "all",
                    "remote": "r038-d742a8ec-3d32-4c38-833f-4e1d00c4ba73",
                    "rule_id": "r038-4c61ebb8-30b3-4c46-91f7-7d4f267edba7",
                    "type": 0
                  }
                ]
              }
            ],
            "status": "available",
            "subnets": [
              {
                "available_ipv4_address_count": 54,
                "id": "02q7-0f27fd0f-e037-4b7a-9e6f-2cd138744191",
                "name": "backend-zone-1-subnet",
                "status": "available",
                "total_ipv4_address_count": 64,
                "zone": "ca-tor-1"
              },
              {
                "available_ipv4_address_count": 9,
                "id": "02q7-fc0598ac-2e8b-4eb5-9349-868dc78d86d6",
                "name": "frontend-zone-1-subnet",
                "status": "available",
                "total_ipv4_address_count": 16,
                "zone": "ca-tor-1"
              }
            ],
            "tags": []
          },
          "sensitive_attributes": []
        }
      ]
    },
    {
      "mode": "data",
      "type": "ibm_resource_group",
      "name": "cde_lab",
      "provider": "provider[\"registry.terraform.io/ibm-cloud/ibm\"]",
      "instances": [
        {
          "schema_version": 0,
          "attributes": {
            "account_id": "6c27214690345bfb75bb1f2b28a20504",
            "created_at": "2021-11-09T14:07:08.563Z",
            "crn": "crn:v1:bluemix:public:resource-controller::a/6c27214690345bfb75bb1f2b28a20504::resource-group:6b6211f1af784e62874070340ee4b6be",
            "id": "6b6211f1af784e62874070340ee4b6be",
            "is_default": false,
            "name": "2022-cde-lab",
            "payment_methods_url": "/v2/resource_groups/6b6211f1af784e62874070340ee4b6be/payment_methods",
            "quota_id": "a3d7b8d01e261c24677937c29ab33f3c",
            "quota_url": "/v2/quota_definitions/a3d7b8d01e261c24677937c29ab33f3c",
            "resource_linkages": [],
            "state": "ACTIVE",
            "teams_url": "/v2/resource_groups/6b6211f1af784e62874070340ee4b6be/teams",
            "updated_at": "2021-11-09T14:07:08.563Z"
          },
          "sensitive_attributes": []
        }
      ]
    },
    {
      "mode": "managed",
      "type": "ibm_is_floating_ip",
      "name": "warpspeed",
      "provider": "provider[\"registry.terraform.io/ibm-cloud/ibm\"]",
      "instances": [
        {
          "schema_version": 0,
          "attributes": {
            "address": "163.66.92.97",
            "crn": "crn:v1:bluemix:public:is:ca-tor-1:a/6c27214690345bfb75bb1f2b28a20504::floating-ip:r038-88266f62-e41e-4cc6-96f2-57a871e0c394",
            "id": "r038-88266f62-e41e-4cc6-96f2-57a871e0c394",
            "name": "warpspeed-wg-public-ip",
            "resource_controller_url": "https://cloud.ibm.com/vpc-ext/network/floatingIPs",
            "resource_crn": "crn:v1:bluemix:public:is:ca-tor-1:a/6c27214690345bfb75bb1f2b28a20504::floating-ip:r038-88266f62-e41e-4cc6-96f2-57a871e0c394",
            "resource_group": "6b6211f1af784e62874070340ee4b6be",
            "resource_group_name": "2022-cde-lab",
            "resource_name": "warpspeed-wg-public-ip",
            "resource_status": "available",
            "status": "available",
            "tags": [
              "owner:ryantiffany",
              "project:warpspeed",
              "region:ca-tor",
              "vpntesting",
              "zone:ca-tor-1"
            ],
            "target": "02q7-2d9e2c92-6a9a-47d2-bd1e-7605dfbcc6b9",
            "target_list": [
              {
                "crn": "",
                "deleted": [],
                "href": "https://ca-tor.iaas.cloud.ibm.com/v1/instances/02q7_0aca36a9-caf7-4256-b9c3-887a37b55d34/network_interfaces/02q7-2d9e2c92-6a9a-47d2-bd1e-7605dfbcc6b9",
                "id": "02q7-2d9e2c92-6a9a-47d2-bd1e-7605dfbcc6b9",
                "name": "seventh-unedited-bouncing-unaired",
                "primary_ip": [
                  {
                    "address": "0.0.0.0",
                    "href": "https://cloud.ibm.com/instances/7392_ee629629-8fe9-414f-9298-256d2343a490/network_interface/7392_6d35c24f-a3e1-42e2-bd8b-d8a54066253e/reservedip-todo",
                    "name": "cf3c62ac-8d9e-4b07-a8ee-79c385c61410",
                    "reserved_ip": "cf3c62ac-8d9e-4b07-a8ee-79c385c61410",
                    "resource_type": "subnet_reserved_ip"
                  }
                ],
                "resource_type": "network_interface"
              }
            ],
            "timeouts": null,
            "zone": "ca-tor-1"
          },
          "sensitive_attributes": [],
          "private": "eyJlMmJmYjczMC1lY2FhLTExZTYtOGY4OC0zNDM2M2JjN2M0YzAiOnsiY3JlYXRlIjo2MDAwMDAwMDAwMDAsImRlbGV0ZSI6NjAwMDAwMDAwMDAwfX0=",
          "dependencies": [
            "data.ibm_resource_group.cde_lab",
            "ibm_is_instance.warpspeed",
            "data.ibm_is_image.packer",
            "data.ibm_is_security_group.frontend_sg",
            "data.ibm_is_ssh_key.europa",
            "data.ibm_is_subnet.frontend_subnet",
            "data.ibm_is_vpc.tor_lab"
          ]
        }
      ]
    },
    {
      "mode": "managed",
      "type": "ibm_is_instance",
      "name": "warpspeed",
      "provider": "provider[\"registry.terraform.io/ibm-cloud/ibm\"]",
      "instances": [
        {
          "schema_version": 0,
          "attributes": {
            "action": null,
            "auto_delete_volume": null,
            "availability_policy_host_failure": "restart",
            "bandwidth": 4000,
            "boot_volume": [
              {
                "encryption": "",
                "iops": 3000,
                "name": "wp-boot-volume",
                "profile": "general-purpose",
                "size": 100,
                "snapshot": "",
                "volume_id": "r038-34e420b5-6eb8-4dd6-b83c-274724212850"
              }
            ],
            "crn": "crn:v1:bluemix:public:is:ca-tor-1:a/6c27214690345bfb75bb1f2b28a20504::instance:02q7_0aca36a9-caf7-4256-b9c3-887a37b55d34",
            "dedicated_host": null,
            "dedicated_host_group": null,
            "default_trusted_profile_auto_link": null,
            "default_trusted_profile_target": null,
            "disks": [],
            "force_action": false,
            "force_recovery_time": null,
            "gpu": [],
            "id": "02q7_0aca36a9-caf7-4256-b9c3-887a37b55d34",
            "image": "r038-982125ed-821b-45ba-a78f-a85376df846b",
            "instance_template": null,
            "keys": [
              "r038-ba71e7c8-b4de-43cc-a658-87e3dd7290a1"
            ],
            "memory": 4,
            "metadata_service_enabled": true,
            "name": "warpspeed-test",
            "network_interfaces": [],
            "placement_group": null,
            "placement_target": [],
            "primary_network_interface": [
              {
                "allow_ip_spoofing": true,
                "id": "02q7-2d9e2c92-6a9a-47d2-bd1e-7605dfbcc6b9",
                "name": "seventh-unedited-bouncing-unaired",
                "port_speed": 3000,
                "primary_ip": [
                  {
                    "address": "10.249.0.10",
                    "auto_delete": true,
                    "href": "https://ca-tor.iaas.cloud.ibm.com/v1/subnets/02q7-fc0598ac-2e8b-4eb5-9349-868dc78d86d6/reserved_ips/02q7-398dd516-34da-4803-85f6-42d65a5f7ac2",
                    "name": "alongside-fragment-chatter-blurb",
                    "reserved_ip": "02q7-398dd516-34da-4803-85f6-42d65a5f7ac2",
                    "resource_type": "subnet_reserved_ip"
                  }
                ],
                "primary_ipv4_address": "10.249.0.10",
                "security_groups": [
                  "r038-be438e0d-6bb1-41ee-8016-5e5ba2d53bef"
                ],
                "subnet": "02q7-fc0598ac-2e8b-4eb5-9349-868dc78d86d6"
              }
            ],
            "profile": "cx2-2x4",
            "resource_controller_url": "https://cloud.ibm.com/vpc-ext/compute/vs",
            "resource_crn": "crn:v1:bluemix:public:is:ca-tor-1:a/6c27214690345bfb75bb1f2b28a20504::instance:02q7_0aca36a9-caf7-4256-b9c3-887a37b55d34",
            "resource_group": "6b6211f1af784e62874070340ee4b6be",
            "resource_group_name": "2022-cde-lab",
            "resource_name": "warpspeed-test",
            "resource_status": "running",
            "status": "running",
            "status_reasons": [],
            "tags": [
              "owner:ryantiffany",
              "packer_template_test"
            ],
            "timeouts": null,
            "total_network_bandwidth": 3000,
            "total_volume_bandwidth": 1000,
            "user_data": "#cloud-config\npackage_update: true\npackage_upgrade: true\nusers:\n  - name: ryan\n    groups: [ sudo ]\n    sudo: [ \"ALL=(ALL) NOPASSWD:ALL\" ]\n    shell: /bin/bash\n    ssh-authorized-keys:\n    - 'ssh-rsa AAAAB3NzaC1yc2EAAAADAQABAAACAQDSWes187pVlIxtp+bCI5ci1Zzn1A1GABqPKETyaztu29CIYf5XkkP5n8XzP/8n7NgeU0+/Z/izJvnT0HBEDin7VUMZTLJL9ERXaZ5KRwTAnQOx1DsueQgCI9/ZBahDeDVE2hvvbh/DCgCdD0o6SagVfOB9bO7/NJlZNwXSV5Xc84sWY4xgc0voLpNF8K648IsWGY27XbwHuVbb7blR6BKZd7ETf+DXMTEIdZr3YQ79bm+371T2LPtqsc0xYUHMXVCw8vyS0E6OeQxppmVLaR4NycXcW6/gj2aDGS6gHx0DMUA2pB3Snw/DK7FZ14fBZWw66wHkejWeR7pXfw1sqGaUUbVH66FwCGiKAZzm0pzneLVTaSUPg8KDtImREWW1EE7nadGDW/AHpRWVlc1cEqTvPqt1qmhut+AEnFTrQ1g9f4kh5cr3JzHXGUiAuzCZa9swQcEO8mEuWFUbzK82OxPqt00wMz567HkX1gVfHHMWcgJYYo99BR/DMKT3Xp4ULLNC5pTw5c5gBNan6SvhDVFIfibCmQh6Z9vBu7cgfpxliAOXN1B+4DSxuvjuDGYHEguNni4lDcN6MWnwQsvbpMOQGFr4vS89R0drf6LpkcQlbxKsJFgE6sJIXjkToQaEYf/4ieyUjjPmU8NkQFWx04USKpyQ2h7KtadsbzChk+bp1Q== ryan@europa'\n    - 'ssh-rsa AAAAB3NzaC1yc2EAAAADAQABAAACAQCilMVokeYbySGn4XLfxz2t9NBonRrfMtnEWQZAxwVaKO1fN1xsOjzQ+z2dIfozr2/MRexPS7uE+nezQtJAlvw/sW92O6AKV8hkwdxQojR9UQ6T/5Sd7dWaiuaFcHhNlqAoJaKvx8Y0fA2i+rxdKMPux+mw7SoY+SgH58HNIwGHigAdziFNpGfKms7bzPULI++aPfc0MV3rLdDyWKiejRd87s7MFcJSqkt+KDqSXVozKeF9L9C70ryTAIsBK0eM2y4viqy+NX+4P6MXE8kwBihTtfY1yr9s+0Ypc99/BhuhpZEwQORHQcRaUzNJ41OuemE8+cE5XQcWpzse+GPk7Cv0/+Rkh4H11ogYNjUqHFmjG0/kmwyq39ZNuMIVk5SZl66rgqcdGRJ6yOHBTSFYr68bJmuHOG96U7np/yIW6BZxlxuEuWjko5vYrMlDAzA+/kuuVuhorIe8KXadU56oXWYj4uIynlu9U3KQJBlJxn/FWI4xMooY/VS1Q0l7bHNe49U8DqeFlOKIXCDg4JoShDODDG2+MSmAmqdLnClALBk1ZJC/QeaIsyPzGxjuCObHDGfk/dYwkRIZ2H5DjUDMtnkDQwe8biNtNOlXx15UoiBmOzkfqfFkhekOtC/mzEKMAQUCOBYJbWdMQp0eaHjlUS6nHsojwaPGr6P0g1/DV2pwRw== ryan@dreadnought'\n    - 'ssh-rsa AAAAB3NzaC1yc2EAAAADAQABAAABAQDGps4bNYLE9NitCKsZuSEk7OUli7EBs/BvTHXgAKN6Ec9/BqVHBcbvhBRmGaRi5cvVYu5qo4zSegMlcAfqZ2mijI3vm9GQi+0RkvvIMWO5j2MmRaaTjjOAZRSvPvKNhOJ1O47OCYSr1hozW+7l4zVPUPw4rqugQETBb2nU2CXnY2naCll+T/JE+vkAswICSZl1PJwkUyxyGRIsey1m3VPSlYHVAhKAYDXpWgvI7QHE7m+dydroZNzgdBdQ93KgL3k/wU7OwJVy4WR1lOTcg4yN3Lsb1zUsUg8EgAwaW9ytl9OlVdId04yM1t4iTaBQ63aO/OKD+2fQWILPtJjasWap ryan@tycho.local'\npackages:\n    - git\n    - curl\n    - build-essential\n    - jq\n    - wget\n    - python3-apt\nfinal_message: \"The system is finally up, after $UPTIME seconds\"\noutput: {all: '| tee -a /var/log/cloud-init-output.log'}\n",
            "vcpu": [
              {
                "architecture": "amd64",
                "count": 2
              }
            ],
            "volume_attachments": [
              {
                "id": "02q7-b7d6bbd0-1aa4-4e9c-bf28-28e82bc949dc",
                "name": "pouring-citizen-humongous-puzzling",
                "volume_crn": "crn:v1:bluemix:public:is:ca-tor-1:a/6c27214690345bfb75bb1f2b28a20504::volume:r038-34e420b5-6eb8-4dd6-b83c-274724212850",
                "volume_id": "r038-34e420b5-6eb8-4dd6-b83c-274724212850",
                "volume_name": "wp-boot-volume"
              }
            ],
            "volumes": null,
            "vpc": "r038-04fa052c-22d6-4b62-b771-df0336e14960",
            "wait_before_delete": true,
            "zone": "ca-tor-1"
          },
          "sensitive_attributes": [],
          "private": "eyJlMmJmYjczMC1lY2FhLTExZTYtOGY4OC0zNDM2M2JjN2M0YzAiOnsiY3JlYXRlIjoxODAwMDAwMDAwMDAwLCJkZWxldGUiOjE4MDAwMDAwMDAwMDAsInVwZGF0ZSI6MTgwMDAwMDAwMDAwMH19",
          "dependencies": [
            "data.ibm_is_vpc.tor_lab",
            "data.ibm_resource_group.cde_lab",
            "data.ibm_is_image.packer",
            "data.ibm_is_security_group.frontend_sg",
            "data.ibm_is_ssh_key.europa",
            "data.ibm_is_subnet.frontend_subnet"
          ]
        }
      ]
    }
  ]
}
